
Microsoft Visual Studio Solution File, Format Version 12.00
# Visual Studio Version 16
VisualStudioVersion = 16.0.29424.173
MinimumVisualStudioVersion = 10.0.40219.1
Project("{FAE04EC0-301F-11D3-BF4B-00C04F79EFBC}") = "RealmDigitalDirectories", "RealmDigitalDirectories\RealmDigitalDirectories.csproj", "{0C4B3A7A-BCA4-43A6-B8D3-8B1EE96E4460}"
EndProject
Project("{2150E333-8FDC-42A3-9474-1A3956D46DE8}") = "Data", "Data", "{69FF1558-8E71-4AAB-B8FB-2B0A72EB27A1}"
EndProject
Project("{00D1A9C2-B5F0-4AF3-8072-F6C62B433612}") = "RealmDigitalDirectories.SqlServer", "RealmDigitalDirectories.SqlServer\RealmDigitalDirectories.SqlServer.sqlproj", "{2DE3B9A8-1E15-4177-AF70-AAAD0AC4F9D8}"
EndProject
Global
	GlobalSection(SolutionConfigurationPlatforms) = preSolution
		Debug|Any CPU = Debug|Any CPU
		Release|Any CPU = Release|Any CPU
	EndGlobalSection
	GlobalSection(ProjectConfigurationPlatforms) = postSolution
		{0C4B3A7A-BCA4-43A6-B8D3-8B1EE96E4460}.Debug|Any CPU.ActiveCfg = Debug|Any CPU
		{0C4B3A7A-BCA4-43A6-B8D3-8B1EE96E4460}.Debug|Any CPU.Build.0 = Debug|Any CPU
		{0C4B3A7A-BCA4-43A6-B8D3-8B1EE96E4460}.Release|Any CPU.ActiveCfg = Release|Any CPU
		{0C4B3A7A-BCA4-43A6-B8D3-8B1EE96E4460}.Release|Any CPU.Build.0 = Release|Any CPU
		{2DE3B9A8-1E15-4177-AF70-AAAD0AC4F9D8}.Debug|Any CPU.ActiveCfg = Debug|Any CPU
		{2DE3B9A8-1E15-4177-AF70-AAAD0AC4F9D8}.Debug|Any CPU.Build.0 = Debug|Any CPU
		{2DE3B9A8-1E15-4177-AF70-AAAD0AC4F9D8}.Debug|Any CPU.Deploy.0 = Debug|Any CPU
		{2DE3B9A8-1E15-4177-AF70-AAAD0AC4F9D8}.Release|Any CPU.ActiveCfg = Release|Any CPU
		{2DE3B9A8-1E15-4177-AF70-AAAD0AC4F9D8}.Release|Any CPU.Build.0 = Release|Any CPU
		{2DE3B9A8-1E15-4177-AF70-AAAD0AC4F9D8}.Release|Any CPU.Deploy.0 = Release|Any CPU
	EndGlobalSection
	GlobalSection(SolutionProperties) = preSolution
		HideSolutionNode = FALSE
	EndGlobalSection
	GlobalSection(NestedProjects) = preSolution
		{2DE3B9A8-1E15-4177-AF70-AAAD0AC4F9D8} = {69FF1558-8E71-4AAB-B8FB-2B0A72EB27A1}
	EndGlobalSection
	GlobalSection(ExtensibilityGlobals) = postSolution
		SolutionGuid = {7A34826E-CB6F-444A-9BF3-57AA0C2018F8}
	EndGlobalSection
EndGlobal
